{
    "_readme": [
        "This file locks the dependencies of your project to a known state",
        "Read more about it at http://getcomposer.org/doc/01-basic-usage.md#composer-lock-the-lock-file",
        "This file is @generated automatically"
    ],
    "hash": "dc25c6e27ef552efc7316dbb66e00fec",
    "packages": [
        {
            "name": "dg/adminer-custom",
            "version": "v1.5.0",
            "source": {
                "type": "git",
                "url": "https://github.com/dg/adminer-custom.git",
                "reference": "9365952e11b2b706be94c5000bf032027557a45b"
            },
            "dist": {
                "type": "zip",
                "url": "https://api.github.com/repos/dg/adminer-custom/zipball/9365952e11b2b706be94c5000bf032027557a45b",
                "reference": "9365952e11b2b706be94c5000bf032027557a45b",
                "shasum": ""
            },
            "type": "project",
            "notification-url": "https://packagist.org/downloads/",
            "description": "Customization for the best database management tool written in PHP, Adminer",
            "time": "2014-08-05 16:59:07"
        },
        {
            "name": "dg/ftp-deployment",
            "version": "v2.0",
            "source": {
                "type": "git",
                "url": "https://github.com/dg/ftp-deployment.git",
                "reference": "9bbfd6368b32639c2255b89a8f5e0c4f46f74081"
            },
            "dist": {
                "type": "zip",
                "url": "https://api.github.com/repos/dg/ftp-deployment/zipball/9bbfd6368b32639c2255b89a8f5e0c4f46f74081",
                "reference": "9bbfd6368b32639c2255b89a8f5e0c4f46f74081",
                "shasum": ""
            },
            "require": {
                "php": ">=5.4.0"
            },
            "bin": [
                "Deployment/deployment"
            ],
            "type": "project",
            "notification-url": "https://packagist.org/downloads/",
            "license": [
                "BSD-3-Clause",
                "GPL-2.0",
                "GPL-3.0"
            ],
            "authors": [
                {
                    "name": "David Grudl",
                    "homepage": "http://davidgrudl.com"
                }
            ],
            "description": "A tool for automated deployment of web applications to an FTP server.",
            "homepage": "https://github.com/dg/ftp-deployment",
            "keywords": [
                "deployment",
                "ftp",
                "ssh"
            ],
            "time": "2014-09-02 09:26:36"
        },
        {
            "name": "dg/texy",
            "version": "v2.6",
            "source": {
                "type": "git",
                "url": "https://github.com/dg/texy.git",
                "reference": "8213d3646c3ab1a3eca52413a5be26acb29826fc"
            },
            "dist": {
                "type": "zip",
                "url": "https://api.github.com/repos/dg/texy/zipball/8213d3646c3ab1a3eca52413a5be26acb29826fc",
                "reference": "8213d3646c3ab1a3eca52413a5be26acb29826fc",
                "shasum": ""
            },
            "require": {
                "php": ">=5.2.0"
            },
            "replace": {
                "dg/texy": "self.version"
            },
            "require-dev": {
                "nette/tester": "~1.2"
            },
            "type": "library",
            "autoload": {
                "files": [
                    "src/texy.php"
                ]
            },
            "notification-url": "https://packagist.org/downloads/",
            "license": [
                "BSD-3-Clause",
                "GPL-2.0",
                "GPL-3.0"
            ],
            "authors": [
                {
                    "name": "David Grudl",
                    "homepage": "http://davidgrudl.com"
                }
            ],
            "description": "Texy converts plain text in easy to read Texy syntax into structurally valid (X)HTML. It supports adding of images, links, nested lists, tables and has full support for CSS. Texy supports hyphenation of long words (which reflects language rules), clickable emails and URL (emails are obfuscated against spambots), national typographic single and double quotation marks, ellipses, em dashes, dimension sign, nonbreakable spaces (e.g. in phone numbers), acronyms, arrows and many others. Texy code can optionally contain HTML tags.",
            "homepage": "http://texy.info",
            "keywords": [
                "html",
                "markdown",
                "markup language",
                "plain text",
                "text",
                "textile",
                "texy",
                "wiki",
                "xhtml"
            ],
            "time": "2014-06-20 18:38:38"
        },
        {
            "name": "enumag/ivory",
            "version": "dev-master",
            "source": {
                "type": "git",
                "url": "https://github.com/enumag/ivory.git",
                "reference": "f53fdd5d49b797629e9f491e74178d0c9493eb13"
            },
            "dist": {
                "type": "zip",
                "url": "https://api.github.com/repos/enumag/ivory/zipball/f53fdd5d49b797629e9f491e74178d0c9493eb13",
                "reference": "f53fdd5d49b797629e9f491e74178d0c9493eb13",
                "shasum": ""
            },
            "require": {
                "php": ">=5.3.2"
            },
            "require-dev": {
                "phpunit/phpunit": "~3.7"
            },
            "type": "library",
            "autoload": {
                "classmap": [
                    "Ivory/"
                ]
            },
            "notification-url": "https://packagist.org/downloads/",
            "license": [
                "MIT",
                "LGPL",
                "BSD-3"
            ],
            "authors": [
                {
                    "name": "Jáchym Toušek",
                    "email": "enumag@gmail.com",
                    "homepage": "http://m33.cz/"
                }
            ],
            "description": "Ivory compiler for PHP",
            "time": "2013-12-01 13:05:14"
        },
        {
            "name": "janmarek/webloader",
            "version": "dev-master",
            "source": {
                "type": "git",
                "url": "https://github.com/janmarek/WebLoader.git",
                "reference": "0b30a7b42f7e4290fcafd98dfb3e478fda1ad38a"
            },
            "dist": {
                "type": "zip",
                "url": "https://api.github.com/repos/janmarek/WebLoader/zipball/0b30a7b42f7e4290fcafd98dfb3e478fda1ad38a",
                "reference": "0b30a7b42f7e4290fcafd98dfb3e478fda1ad38a",
                "shasum": ""
            },
            "require": {
                "nette/nette": "~2.0@rc"
            },
            "require-dev": {
                "mockery/mockery": "0.7.*",
                "phpunit/phpunit": "3.7.*"
            },
            "suggest": {
                "leafo/lessphp": "Lessphp is a composer for LESS written in PHP."
            },
            "type": "library",
            "autoload": {
                "psr-0": {
                    "WebLoader": ""
                }
            },
            "notification-url": "https://packagist.org/downloads/",
            "license": [
                "MIT"
            ],
            "authors": [
                {
                    "name": "Jan Marek",
                    "email": "mail@janmarek.net"
                }
            ],
            "description": "Tool for loading or deploying CSS and JS files into web pages",
            "homepage": "http://addons.nette.org/cs/webloader",
            "keywords": [
                "assets",
                "css",
                "javascript",
                "nette",
                "webloader"
            ],
            "time": "2014-09-10 18:15:02"
        },
        {
            "name": "nette/nette",
            "version": "v2.1.5",
            "source": {
                "type": "git",
                "url": "https://github.com/nette/nette.git",
                "reference": "ba6ce49492700fb36ea97e4c3ad9a6dcef068362"
            },
            "dist": {
                "type": "zip",
                "url": "https://api.github.com/repos/nette/nette/zipball/ba6ce49492700fb36ea97e4c3ad9a6dcef068362",
                "reference": "ba6ce49492700fb36ea97e4c3ad9a6dcef068362",
                "shasum": ""
            },
            "require": {
                "ext-iconv": "*",
                "ext-tokenizer": "*",
                "php": ">=5.3.1"
            },
            "require-dev": {
                "nette/tester": "~1.1"
            },
            "suggest": {
                "ext-fileinfo": "",
                "ext-gd": "",
                "ext-mbstring": "",
                "ext-pdo": ""
            },
            "type": "library",
            "autoload": {
                "classmap": [
                    "Nette/"
                ],
                "files": [
                    "Nette/common/shortcuts.php"
                ]
            },
            "notification-url": "https://packagist.org/downloads/",
            "license": [
                "BSD-3-Clause",
                "GPL-2.0",
                "GPL-3.0"
            ],
            "authors": [
                {
                    "name": "David Grudl",
                    "homepage": "http://davidgrudl.com"
                },
                {
                    "name": "Nette Community",
                    "homepage": "http://nette.org/contributors"
                }
            ],
            "description": "Nette Framework - innovative framework for fast and easy development of secured web applications in PHP. Write less, have cleaner code and your work will bring you joy.",
            "homepage": "http://nette.org",
            "keywords": [
                "Forms",
                "database",
                "debugging",
                "framework",
                "mailing",
                "mvc",
                "templating"
            ],
            "time": "2014-08-28 11:11:29"
        },
        {
            "name": "vladahejda/livetranslator",
            "version": "1.0.0-alpha",
            "source": {
                "type": "git",
                "url": "https://github.com/VladaHejda/LiveTranslator.git",
                "reference": "8062ad8ee77715ecb3badefbcfb7edc57f83021c"
            },
            "dist": {
                "type": "zip",
                "url": "https://api.github.com/repos/VladaHejda/LiveTranslator/zipball/8062ad8ee77715ecb3badefbcfb7edc57f83021c",
                "reference": "8062ad8ee77715ecb3badefbcfb7edc57f83021c",
                "shasum": ""
            },
            "require": {
                "nette/nette": "~2"
            },
            "require-dev": {
                "nette/tester": "@dev"
            },
            "type": "library",
            "autoload": {
                "classmap": [
                    "LiveTranslator"
                ]
            },
            "notification-url": "https://packagist.org/downloads/",
            "license": [
                "BSD-3-Clause"
            ],
            "authors": [
                {
                    "name": "Patrik Votoček",
                    "email": "patrik@votocek.cz",
                    "homepage": "http://patrik.votocek.cz",
                    "role": "Developer"
                },
                {
                    "name": "Tomáš Votruba",
                    "homepage": "http://tomasvotruba.cz"
                },
                {
                    "name": "Vladislav Hejda",
                    "homepage": "http://hejdav.cz"
                }
            ],
            "description": "Translator for Nette (PHP framework).",
            "keywords": [
                "nette",
                "translator"
            ],
            "time": "2014-01-04 10:58:22"
        }
    ],
    "packages-dev": [

    ],
    "aliases": [

    ],
    "minimum-stability": "stable",
    "stability-flags": {
        "enumag/ivory": 20,
        "janmarek/webloader": 20,
        "vladahejda/livetranslator": 20
    },
    "prefer-stable": false,
    "platform": {
        "php": ">=5.4.0"
    },
    "platform-dev": [

    ]
}
